lockfileVersion: '9.0'

settings:
  autoInstallPeers: true
  excludeLinksFromLockfile: false

importers:

  .:
    dependencies:
      chalk:
        specifier: ^5.3.0
        version: 5.3.0
      dotenv:
        specifier: ^16.4.5
        version: 16.4.5
      extract-json-from-string-y:
        specifier: ^1.0.3
        version: 1.0.3
      openai:
        specifier: ^4.52.0
        version: 4.52.0
      yahoo-finance2:
        specifier: ^2.11.3
        version: 2.11.3

packages:

  '@types/node-fetch@2.6.11':
    resolution: {integrity: sha512-24xFj9R5+rfQJLRyM56qh+wnVSYhyXC2tkoBndtY0U+vubqNsYXGjufB2nn8Q6gt0LrARwL6UBtMCSVCwl4B1g==}

  '@types/node@18.19.39':
    resolution: {integrity: sha512-nPwTRDKUctxw3di5b4TfT3I0sWDiWoPQCZjXhvdkINntwr8lcoVCKsTgnXeRubKIlfnV+eN/HYk6Jb40tbcEAQ==}

  '@types/tough-cookie@4.0.5':
    resolution: {integrity: sha512-/Ad8+nIOV7Rl++6f1BdKxFSMgmoqEoYbHRpPcx3JEfv8VRsQe9Z4mCXeJBzxs7mbHY/XOZZuXlRNfhpVPbs6ZA==}

  abort-controller@3.0.0:
    resolution: {integrity: sha512-h8lQ8tacZYnR3vNQTgibj+tODHI5/+l06Au2Pcriv/Gmet0eaj4TwWH41sO9wnHDiQsEj19q0drzdWdeAHtweg==}
    engines: {node: '>=6.5'}

  agentkeepalive@4.5.0:
    resolution: {integrity: sha512-5GG/5IbQQpC9FpkRGsSvZI5QYeSCzlJHdpBQntCsuTOxhKD8lqKhrleg2Yi7yvMIf82Ycmmqln9U8V9qwEiJew==}
    engines: {node: '>= 8.0.0'}

  ajv-formats@2.1.1:
    resolution: {integrity: sha512-Wx0Kx52hxE7C18hkMEggYlEifqWZtYaRgouJor+WMdPnQyEK13vgEWyVNup7SoeeoLMsr4kf5h6dOW11I15MUA==}
    peerDependencies:
      ajv: ^8.0.0
    peerDependenciesMeta:
      ajv:
        optional: true

  ajv@8.10.0:
    resolution: {integrity: sha512-bzqAEZOjkrUMl2afH8dknrq5KEk2SrwdBROR+vH1EKVQTqaUbJVPdc/gEdggTMM0Se+s+Ja4ju4TlNcStKl2Hw==}

  asynckit@0.4.0:
    resolution: {integrity: sha512-Oei9OH4tRh0YqU3GxhX79dM/mwVgvbZJaSNaRk+bshkj0S5cfHcgYakreBjrHwatXKbz+IoIdYLxrKim2MjW0Q==}

  chalk@5.3.0:
    resolution: {integrity: sha512-dLitG79d+GV1Nb/VYcCDFivJeK1hiukt9QjRNVOsUtTy1rR1YJsmpGGTZ3qJos+uw7WmWF4wUwBd9jxjocFC2w==}
    engines: {node: ^12.17.0 || ^14.13 || >=16.0.0}

  combined-stream@1.0.8:
    resolution: {integrity: sha512-FQN4MRfuJeHf7cBbBMJFXhKSDq+2kAArBlmRBvcvFE5BB1HZKXtSFASDhdlz9zOYwxh8lDdnvmMOe/+5cdoEdg==}
    engines: {node: '>= 0.8'}

  delayed-stream@1.0.0:
    resolution: {integrity: sha512-ZySD7Nf91aLB0RxL4KGrKHBXl7Eds1DAmEdcoVawXnLD7SDhpNgtuII2aAkg7a7QS41jxPSZ17p4VdGnMHk3MQ==}
    engines: {node: '>=0.4.0'}

  dotenv@16.4.5:
    resolution: {integrity: sha512-ZmdL2rui+eB2YwhsWzjInR8LldtZHGDoQ1ugH85ppHKwpUHL7j7rN0Ti9NCnGiQbhaZ11FpR+7ao1dNsmduNUg==}
    engines: {node: '>=12'}

  event-target-shim@5.0.1:
    resolution: {integrity: sha512-i/2XbnSz/uxRCU6+NdVJgKWDTM427+MqYbkQzD321DuCQJUqOuJKIA0IM2+W2xtYHdKOmZ4dR6fExsd4SXL+WQ==}
    engines: {node: '>=6'}

  extract-json-from-string-y@1.0.3:
    resolution: {integrity: sha512-CIVD5fK5zfua3IgG28WacPJcUKZ3WxmwEuV9IFMMWtN1o6pjcDX8IwsNkk8R820FZlCk20EtM7cs9bJ6rEtVMw==}

  fast-deep-equal@3.1.3:
    resolution: {integrity: sha512-f3qQ9oQy9j2AhBe/H9VC91wLmKBCCU/gDOnKNAYG5hswO7BLKj09Hc5HYNz9cGI++xlpDCIgDaitVs03ATR84Q==}

  form-data-encoder@1.7.2:
    resolution: {integrity: sha512-qfqtYan3rxrnCk1VYaA4H+Ms9xdpPqvLZa6xmMgFvhO32x7/3J/ExcTd6qpxM0vH2GdMI+poehyBZvqfMTto8A==}

  form-data@4.0.0:
    resolution: {integrity: sha512-ETEklSGi5t0QMZuiXoA/Q6vcnxcLQP5vdugSpuAyi6SVGi2clPPp+xgEhuMaHC+zGgn31Kd235W35f7Hykkaww==}
    engines: {node: '>= 6'}

  formdata-node@4.4.1:
    resolution: {integrity: sha512-0iirZp3uVDjVGt9p49aTaqjk84TrglENEDuqfdlZQ1roC9CWlPk6Avf8EEnZNcAqPonwkG35x4n3ww/1THYAeQ==}
    engines: {node: '>= 12.20'}

  humanize-ms@1.2.1:
    resolution: {integrity: sha512-Fl70vYtsAFb/C06PTS9dZBo7ihau+Tu/DNCk/OyHhea07S+aeMWpFFkUaXRa8fI+ScZbEI8dfSxwY7gxZ9SAVQ==}

  json-schema-traverse@1.0.0:
    resolution: {integrity: sha512-NM8/P9n3XjXhIZn1lLhkFaACTOURQXjWhV4BA/RnOv8xvgqtqpAX9IO4mRQxSx1Rlo4tqzeqb0sOlruaOy3dug==}

  mime-db@1.52.0:
    resolution: {integrity: sha512-sPU4uV7dYlvtWJxwwxHD0PuihVNiE7TyAbQ5SWxDCB9mUYvOgroQOwYQQOKPJ8CIbE+1ETVlOoK1UC2nU3gYvg==}
    engines: {node: '>= 0.6'}

  mime-types@2.1.35:
    resolution: {integrity: sha512-ZDY+bPm5zTTF+YpCrAU9nK0UgICYPT0QtT1NZWFv4s++TNkcgVaT0g6+4R2uI4MjQjzysHB1zxuWL50hzaeXiw==}
    engines: {node: '>= 0.6'}

  ms@2.1.3:
    resolution: {integrity: sha512-6FlzubTLZG3J2a/NVCAleEhjzq5oxgHyaCU9yYXvcLsvoVaHJq/s5xXI6/XXP6tz7R9xAOtHnSO/tXtF3WRTlA==}

  node-domexception@1.0.0:
    resolution: {integrity: sha512-/jKZoMpw0F8GRwl4/eLROPA3cfcXtLApP0QzLmUT/HuPCZWyB7IY9ZrMeKw2O/nFIqPQB3PVM9aYm0F312AXDQ==}
    engines: {node: '>=10.5.0'}

  node-fetch@2.7.0:
    resolution: {integrity: sha512-c4FRfUm/dbcWZ7U+1Wq0AwCyFL+3nt2bEw05wfxSz+DWpWsitgmSgYmy2dQdWyKC1694ELPqMs/YzUSNozLt8A==}
    engines: {node: 4.x || >=6.0.0}
    peerDependencies:
      encoding: ^0.1.0
    peerDependenciesMeta:
      encoding:
        optional: true

  openai@4.52.0:
    resolution: {integrity: sha512-xmiNcdA9QJ5wffHpZDpIsge6AsPTETJ6h5iqDNuFQ7qGSNtonHn8Qe0VHy4UwLE8rBWiSqh4j+iSvuYZSeKkPg==}
    hasBin: true

  psl@1.9.0:
    resolution: {integrity: sha512-E/ZsdU4HLs/68gYzgGTkMicWTLPdAftJLfJFlLUAAKZGkStNU72sZjT66SnMDVOfOWY/YAoiD7Jxa9iHvngcag==}

  punycode@2.3.1:
    resolution: {integrity: sha512-vYt7UD1U9Wg6138shLtLOvdAu+8DsC/ilFtEVHcH+wydcSpNE20AfSOduf6MkRFahL5FY7X1oU7nKVZFtfq8Fg==}
    engines: {node: '>=6'}

  querystringify@2.2.0:
    resolution: {integrity: sha512-FIqgj2EUvTa7R50u0rGsyTftzjYmv/a3hO345bZNrqabNqjtgiDMgmo4mkUjd+nzU5oF3dClKqFIPUKybUyqoQ==}

  require-from-string@2.0.2:
    resolution: {integrity: sha512-Xf0nWe6RseziFMu+Ap9biiUbmplq6S9/p+7w7YXP/JBHhrUDDUhwa+vANyubuqfZWTveU//DYVGsDG7RKL/vEw==}
    engines: {node: '>=0.10.0'}

  requires-port@1.0.0:
    resolution: {integrity: sha512-KigOCHcocU3XODJxsu8i/j8T9tzT4adHiecwORRQ0ZZFcp7ahwXuRU1m+yuO90C5ZUyGeGfocHDI14M3L3yDAQ==}

  tough-cookie-file-store@2.0.3:
    resolution: {integrity: sha512-sMpZVcmFf6EYFHFFl+SYH4W1/OnXBYMGDsv2IlbQ2caHyFElW/UR/gpj/KYU1JwmP4dE9xqwv2+vWcmlXHojSw==}
    engines: {node: '>=6'}

  tough-cookie@4.1.4:
    resolution: {integrity: sha512-Loo5UUvLD9ScZ6jh8beX1T6sO1w2/MpCRpEP7V280GKMVUQ0Jzar2U3UJPsrdbziLEMMhu3Ujnq//rhiFuIeag==}
    engines: {node: '>=6'}

  tr46@0.0.3:
    resolution: {integrity: sha512-N3WMsuqV66lT30CrXNbEjx4GEwlow3v6rr4mCcv6prnfwhS01rkgyFdjPNBYd9br7LpXV1+Emh01fHnq2Gdgrw==}

  undici-types@5.26.5:
    resolution: {integrity: sha512-JlCMO+ehdEIKqlFxk6IfVoAUVmgz7cU7zD/h9XZ0qzeosSHmUJVOzSQvvYSYWXkFXC+IfLKSIffhv0sVZup6pA==}

  universalify@0.2.0:
    resolution: {integrity: sha512-CJ1QgKmNg3CwvAv/kOFmtnEN05f0D/cn9QntgNOQlQF9dgvVTHj3t+8JPdjqawCHk7V/KA+fbUqzZ9XWhcqPUg==}
    engines: {node: '>= 4.0.0'}

  uri-js@4.4.1:
    resolution: {integrity: sha512-7rKUyy33Q1yc98pQ1DAmLtwX109F7TIfWlW1Ydo8Wl1ii1SeHieeh0HHfPeL2fMXK6z0s8ecKs9frCuLJvndBg==}

  url-parse@1.5.10:
    resolution: {integrity: sha512-WypcfiRhfeUP9vvF0j6rw0J3hrWrw6iZv3+22h6iRMJ/8z1Tj6XfLP4DsUix5MhMPnXpiHDoKyoZ/bdCkwBCiQ==}

  web-streams-polyfill@3.3.3:
    resolution: {integrity: sha512-d2JWLCivmZYTSIoge9MsgFCZrt571BikcWGYkjC1khllbTeDlGqZ2D8vD8E/lJa8WGWbb7Plm8/XJYV7IJHZZw==}
    engines: {node: '>= 8'}

  web-streams-polyfill@4.0.0-beta.3:
    resolution: {integrity: sha512-QW95TCTaHmsYfHDybGMwO5IJIM93I/6vTRk+daHTWFPhwh+C8Cg7j7XyKrwrj8Ib6vYXe0ocYNrmzY4xAAN6ug==}
    engines: {node: '>= 14'}

  webidl-conversions@3.0.1:
    resolution: {integrity: sha512-2JAn3z8AR6rjK8Sm8orRC0h/bcl/DqL7tRPdGZ4I1CjdF+EaMLmYxBHyXuKL849eucPFhvBoxMsflfOb8kxaeQ==}

  whatwg-url@5.0.0:
    resolution: {integrity: sha512-saE57nupxk6v3HY35+jzBwYa0rKSy0XR8JSxZPwgLr7ys0IBzhGviA1/TUGJLmSVqs8pb9AnvICXEuOHLprYTw==}

  yahoo-finance2@2.11.3:
    resolution: {integrity: sha512-yN4ADFNi2oNYtO79ntbEkSWdVi4KVmGYLwDJ5KV0czxILbAGj4ah6oCBYvMONeHAeDqxtS62zrG8xrHNF/2STw==}
    engines: {node: '>=16.0.0'}
    hasBin: true

snapshots:

  '@types/node-fetch@2.6.11':
    dependencies:
      '@types/node': 18.19.39
      form-data: 4.0.0

  '@types/node@18.19.39':
    dependencies:
      undici-types: 5.26.5

  '@types/tough-cookie@4.0.5': {}

  abort-controller@3.0.0:
    dependencies:
      event-target-shim: 5.0.1

  agentkeepalive@4.5.0:
    dependencies:
      humanize-ms: 1.2.1

  ajv-formats@2.1.1(ajv@8.10.0):
    optionalDependencies:
      ajv: 8.10.0

  ajv@8.10.0:
    dependencies:
      fast-deep-equal: 3.1.3
      json-schema-traverse: 1.0.0
      require-from-string: 2.0.2
      uri-js: 4.4.1

  asynckit@0.4.0: {}

  chalk@5.3.0: {}

  combined-stream@1.0.8:
    dependencies:
      delayed-stream: 1.0.0

  delayed-stream@1.0.0: {}

  dotenv@16.4.5: {}

  event-target-shim@5.0.1: {}

  extract-json-from-string-y@1.0.3: {}

  fast-deep-equal@3.1.3: {}

  form-data-encoder@1.7.2: {}

  form-data@4.0.0:
    dependencies:
      asynckit: 0.4.0
      combined-stream: 1.0.8
      mime-types: 2.1.35

  formdata-node@4.4.1:
    dependencies:
      node-domexception: 1.0.0
      web-streams-polyfill: 4.0.0-beta.3

  humanize-ms@1.2.1:
    dependencies:
      ms: 2.1.3

  json-schema-traverse@1.0.0: {}

  mime-db@1.52.0: {}

  mime-types@2.1.35:
    dependencies:
      mime-db: 1.52.0

  ms@2.1.3: {}

  node-domexception@1.0.0: {}

  node-fetch@2.7.0:
    dependencies:
      whatwg-url: 5.0.0

  openai@4.52.0:
    dependencies:
      '@types/node': 18.19.39
      '@types/node-fetch': 2.6.11
      abort-controller: 3.0.0
      agentkeepalive: 4.5.0
      form-data-encoder: 1.7.2
      formdata-node: 4.4.1
      node-fetch: 2.7.0
      web-streams-polyfill: 3.3.3
    transitivePeerDependencies:
      - encoding

  psl@1.9.0: {}

  punycode@2.3.1: {}

  querystringify@2.2.0: {}

  require-from-string@2.0.2: {}

  requires-port@1.0.0: {}

  tough-cookie-file-store@2.0.3:
    dependencies:
      tough-cookie: 4.1.4

  tough-cookie@4.1.4:
    dependencies:
      psl: 1.9.0
      punycode: 2.3.1
      universalify: 0.2.0
      url-parse: 1.5.10

  tr46@0.0.3: {}

  undici-types@5.26.5: {}

  universalify@0.2.0: {}

  uri-js@4.4.1:
    dependencies:
      punycode: 2.3.1

  url-parse@1.5.10:
    dependencies:
      querystringify: 2.2.0
      requires-port: 1.0.0

  web-streams-polyfill@3.3.3: {}

  web-streams-polyfill@4.0.0-beta.3: {}

  webidl-conversions@3.0.1: {}

  whatwg-url@5.0.0:
    dependencies:
      tr46: 0.0.3
      webidl-conversions: 3.0.1

  yahoo-finance2@2.11.3:
    dependencies:
      '@types/tough-cookie': 4.0.5
      ajv: 8.10.0
      ajv-formats: 2.1.1(ajv@8.10.0)
      node-fetch: 2.7.0
      tough-cookie: 4.1.4
      tough-cookie-file-store: 2.0.3
    transitivePeerDependencies:
      - encoding
